// !$*UTF8*$!
{
	archiveVersion = 1;
	classes = {
	};
	objectVersion = 52;
	objects = {

/* Begin PBXBuildFile section */
		C40287FD259E0EAA005DB79F /* main.swift in Sources */ = {isa = PBXBuildFile; fileRef = C40287FC259E0EAA005DB79F /* main.swift */; };
		C4028806259E1046005DB79F /* BlockRunTime in Frameworks */ = {isa = PBXBuildFile; productRef = C4028805259E1046005DB79F /* BlockRunTime */; };
		C4028809259E1096005DB79F /* Recursive.swift in Sources */ = {isa = PBXBuildFile; fileRef = C4028808259E1096005DB79F /* Recursive.swift */; };
		C402880C259F7164005DB79F /* Iterative.swift in Sources */ = {isa = PBXBuildFile; fileRef = C402880B259F7163005DB79F /* Iterative.swift */; };
		C402880F259F73BA005DB79F /* Binet.swift in Sources */ = {isa = PBXBuildFile; fileRef = C402880E259F73BA005DB79F /* Binet.swift */; };
		C4028812259F7623005DB79F /* Array.swift in Sources */ = {isa = PBXBuildFile; fileRef = C4028811259F7623005DB79F /* Array.swift */; };
/* End PBXBuildFile section */

/* Begin PBXCopyFilesBuildPhase section */
		C40287F7259E0EAA005DB79F /* CopyFiles */ = {
			isa = PBXCopyFilesBuildPhase;
			buildActionMask = 2147483647;
			dstPath = /usr/share/man/man1/;
			dstSubfolderSpec = 0;
			files = (
			);
			runOnlyForDeploymentPostprocessing = 1;
		};
/* End PBXCopyFilesBuildPhase section */

/* Begin PBXFileReference section */
		C40287F9259E0EAA005DB79F /* Fibonacci */ = {isa = PBXFileReference; explicitFileType = "compiled.mach-o.executable"; includeInIndex = 0; path = Fibonacci; sourceTree = BUILT_PRODUCTS_DIR; };
		C40287FC259E0EAA005DB79F /* main.swift */ = {isa = PBXFileReference; lastKnownFileType = sourcecode.swift; path = main.swift; sourceTree = "<group>"; };
		C4028808259E1096005DB79F /* Recursive.swift */ = {isa = PBXFileReference; lastKnownFileType = sourcecode.swift; path = Recursive.swift; sourceTree = "<group>"; };
		C402880B259F7163005DB79F /* Iterative.swift */ = {isa = PBXFileReference; lastKnownFileType = sourcecode.swift; path = Iterative.swift; sourceTree = "<group>"; };
		C402880E259F73BA005DB79F /* Binet.swift */ = {isa = PBXFileReference; lastKnownFileType = sourcecode.swift; path = Binet.swift; sourceTree = "<group>"; };
		C4028811259F7623005DB79F /* Array.swift */ = {isa = PBXFileReference; lastKnownFileType = sourcecode.swift; path = Array.swift; sourceTree = "<group>"; };
/* End PBXFileReference section */

/* Begin PBXFrameworksBuildPhase section */
		C40287F6259E0EAA005DB79F /* Frameworks */ = {
			isa = PBXFrameworksBuildPhase;
			buildActionMask = 2147483647;
			files = (
				C4028806259E1046005DB79F /* BlockRunTime in Frameworks */,
			);
			runOnlyForDeploymentPostprocessing = 0;
		};
/* End PBXFrameworksBuildPhase section */

/* Begin PBXGroup section */
		C40287F0259E0EAA005DB79F = {
			isa = PBXGroup;
			children = (
				C40287FB259E0EAA005DB79F /* Fibonacci */,
				C40287FA259E0EAA005DB79F /* Products */,
			);
			sourceTree = "<group>";
		};
		C40287FA259E0EAA005DB79F /* Products */ = {
			isa = PBXGroup;
			children = (
				C40287F9259E0EAA005DB79F /* Fibonacci */,
			);
			name = Products;
			sourceTree = "<group>";
		};
		C40287FB259E0EAA005DB79F /* Fibonacci */ = {
			isa = PBXGroup;
			children = (
				C40287FC259E0EAA005DB79F /* main.swift */,
				C4028811259F7623005DB79F /* Array.swift */,
				C4028808259E1096005DB79F /* Recursive.swift */,
				C402880B259F7163005DB79F /* Iterative.swift */,
				C402880E259F73BA005DB79F /* Binet.swift */,
			);
			path = Fibonacci;
			sourceTree = "<group>";
		};
/* End PBXGroup section */

/* Begin PBXNativeTarget section */
		C40287F8259E0EAA005DB79F /* Fibonacci */ = {
			isa = PBXNativeTarget;
			buildConfigurationList = C4028800259E0EAA005DB79F /* Build configuration list for PBXNativeTarget "Fibonacci" */;
			buildPhases = (
				C40287F5259E0EAA005DB79F /* Sources */,
				C40287F6259E0EAA005DB79F /* Frameworks */,
				C40287F7259E0EAA005DB79F /* CopyFiles */,
			);
			buildRules = (
			);
			dependencies = (
			);
			name = Fibonacci;
			packageProductDependencies = (
				C4028805259E1046005DB79F /* BlockRunTime */,
			);
			productName = Fibonacci;
			productReference = C40287F9259E0EAA005DB79F /* Fibonacci */;
			productType = "com.apple.product-type.tool";
		};
/* End PBXNativeTarget section */

/* Begin PBXProject section */
		C40287F1259E0EAA005DB79F /* Project object */ = {
			isa = PBXProject;
			attributes = {
				LastSwiftUpdateCheck = 1230;
				LastUpgradeCheck = 1230;
				TargetAttributes = {
					C40287F8259E0EAA005DB79F = {
						CreatedOnToolsVersion = 12.3;
					};
				};
			};
			buildConfigurationList = C40287F4259E0EAA005DB79F /* Build configuration list for PBXProject "Fibonacci" */;
			compatibilityVersion = "Xcode 9.3";
			developmentRegion = en;
			hasScannedForEncodings = 0;
			knownRegions = (
				en,
				Base,
			);
			mainGroup = C40287F0259E0EAA005DB79F;
			packageReferences = (
				C4028804259E1046005DB79F /* XCRemoteSwiftPackageReference "BlockRunTime" */,
			);
			productRefGroup = C40287FA259E0EAA005DB79F /* Products */;
			projectDirPath = "";
			projectRoot = "";
			targets = (
				C40287F8259E0EAA005DB79F /* Fibonacci */,
			);
		};
/* End PBXProject section */

/* Begin PBXSourcesBuildPhase section */
		C40287F5259E0EAA005DB79F /* Sources */ = {
			isa = PBXSourcesBuildPhase;
			buildActionMask = 2147483647;
			files = (
				C402880F259F73BA005DB79F /* Binet.swift in Sources */,
				C4028812259F7623005DB79F /* Array.swift in Sources */,
				C402880C259F7164005DB79F /* Iterative.swift in Sources */,
				C4028809259E1096005DB79F /* Recursive.swift in Sources */,
				C40287FD259E0EAA005DB79F /* main.swift in Sources */,
			);
			runOnlyForDeploymentPostprocessing = 0;
		};
/* End PBXSourcesBuildPhase section */

/* Begin XCBuildConfiguration section */
		C40287FE259E0EAA005DB79F /* Debug */ = {
			isa = XCBuildConfiguration;
			buildSettings = {
				ALWAYS_SEARCH_USER_PATHS = NO;
				CLANG_ANALYZER_NONNULL = YES;
				CLANG_ANALYZER_NUMBER_OBJECT_CONVERSION = YES_AGGRESSIVE;
				CLANG_CXX_LANGUAGE_STANDARD = "gnu++14";
				CLANG_CXX_LIBRARY = "libc++";
				CLANG_ENABLE_MODULES = YES;
				CLANG_ENABLE_OBJC_ARC = YES;
				CLANG_ENABLE_OBJC_WEAK = YES;
				CLANG_WARN_BLOCK_CAPTURE_AUTORELEASING = YES;
				CLANG_WARN_BOOL_CONVERSION = YES;
				CLANG_WARN_COMMA = YES;
				CLANG_WARN_CONSTANT_CONVERSION = YES;
				CLANG_WARN_DEPRECATED_OBJC_IMPLEMENTATIONS = YES;
				CLANG_WARN_DIRECT_OBJC_ISA_USAGE = YES_ERROR;
				CLANG_WARN_DOCUMENTATION_COMMENTS = YES;
				CLANG_WARN_EMPTY_BODY = YES;
				CLANG_WARN_ENUM_CONVERSION = YES;
				CLANG_WARN_INFINITE_RECURSION = YES;
				CLANG_WARN_INT_CONVERSION = YES;
				CLANG_WARN_NON_LITERAL_NULL_CONVERSION = YES;
				CLANG_WARN_OBJC_IMPLICIT_RETAIN_SELF = YES;
				CLANG_WARN_OBJC_LITERAL_CONVERSION = YES;
				CLANG_WARN_OBJC_ROOT_CLASS = YES_ERROR;
				CLANG_WARN_QUOTED_INCLUDE_IN_FRAMEWORK_HEADER = YES;
				CLANG_WARN_RANGE_LOOP_ANALYSIS = YES;
				CLANG_WARN_STRICT_PROTOTYPES = YES;
				CLANG_WARN_SUSPICIOUS_MOVE = YES;
				CLANG_WARN_UNGUARDED_AVAILABILITY = YES_AGGRESSIVE;
				CLANG_WARN_UNREACHABLE_CODE = YES;
				CLANG_WARN__DUPLICATE_METHOD_MATCH = YES;
				COPY_PHASE_STRIP = NO;
				DEBUG_INFORMATION_FORMAT = dwarf;
				ENABLE_STRICT_OBJC_MSGSEND = YES;
				ENABLE_TESTABILITY = YES;
				GCC_C_LANGUAGE_STANDARD = gnu11;
				GCC_DYNAMIC_NO_PIC = NO;
				GCC_NO_COMMON_BLOCKS = YES;
				GCC_OPTIMIZATION_LEVEL = 0;
				GCC_PREPROCESSOR_DEFINITIONS = (
					"DEBUG=1",
					"$(inherited)",
				);
				GCC_WARN_64_TO_32_BIT_CONVERSION = YES;
				GCC_WARN_ABOUT_RETURN_TYPE = YES_ERROR;
				GCC_WARN_UNDECLARED_SELECTOR = YES;
				GCC_WARN_UNINITIALIZED_AUTOS = YES_AGGRESSIVE;
				GCC_WARN_UNUSED_FUNCTION = YES;
				GCC_WARN_UNUSED_VARIABLE = YES;
				MACOSX_DEPLOYMENT_TARGET = 10.15;
				MTL_ENABLE_DEBUG_INFO = INCLUDE_SOURCE;
				MTL_FAST_MATH = YES;
				ONLY_ACTIVE_ARCH = YES;
				SDKROOT = macosx;
				SWIFT_ACTIVE_COMPILATION_CONDITIONS = DEBUG;
				SWIFT_OPTIMIZATION_LEVEL = "-Onone";
			};
			name = Debug;
		};
		C40287FF259E0EAA005DB79F /* Release */ = {
			isa = XCBuildConfiguration;
			buildSettings = {
				ALWAYS_SEARCH_USER_PATHS = NO;
				CLANG_ANALYZER_NONNULL = YES;
				CLANG_ANALYZER_NUMBER_OBJECT_CONVERSION = YES_AGGRESSIVE;
				CLANG_CXX_LANGUAGE_STANDARD = "gnu++14";
				CLANG_CXX_LIBRARY = "libc++";
				CLANG_ENABLE_MODULES = YES;
				CLANG_ENABLE_OBJC_ARC = YES;
				CLANG_ENABLE_OBJC_WEAK = YES;
				CLANG_WARN_BLOCK_CAPTURE_AUTORELEASING = YES;
				CLANG_WARN_BOOL_CONVERSION = YES;
				CLANG_WARN_COMMA = YES;
				CLANG_WARN_CONSTANT_CONVERSION = YES;
				CLANG_WARN_DEPRECATED_OBJC_IMPLEMENTATIONS = YES;
				CLANG_WARN_DIRECT_OBJC_ISA_USAGE = YES_ERROR;
				CLANG_WARN_DOCUMENTATION_COMMENTS = YES;
				CLANG_WARN_EMPTY_BODY = YES;
				CLANG_WARN_ENUM_CONVERSION = YES;
				CLANG_WARN_INFINITE_RECURSION = YES;
				CLANG_WARN_INT_CONVERSION = YES;
				CLANG_WARN_NON_LITERAL_NULL_CONVERSION = YES;
				CLANG_WARN_OBJC_IMPLICIT_RETAIN_SELF = YES;
				CLANG_WARN_OBJC_LITERAL_CONVERSION = YES;
				CLANG_WARN_OBJC_ROOT_CLASS = YES_ERROR;
				CLANG_WARN_QUOTED_INCLUDE_IN_FRAMEWORK_HEADER = YES;
				CLANG_WARN_RANGE_LOOP_ANALYSIS = YES;
				CLANG_WARN_STRICT_PROTOTYPES = YES;
				CLANG_WARN_SUSPICIOUS_MOVE = YES;
				CLANG_WARN_UNGUARDED_AVAILABILITY = YES_AGGRESSIVE;
				CLANG_WARN_UNREACHABLE_CODE = YES;
				CLANG_WARN__DUPLICATE_METHOD_MATCH = YES;
				COPY_PHASE_STRIP = NO;
				DEBUG_INFORMATION_FORMAT = "dwarf-with-dsym";
				ENABLE_NS_ASSERTIONS = NO;
				ENABLE_STRICT_OBJC_MSGSEND = YES;
				GCC_C_LANGUAGE_STANDARD = gnu11;
				GCC_NO_COMMON_BLOCKS = YES;
				GCC_WARN_64_TO_32_BIT_CONVERSION = YES;
				GCC_WARN_ABOUT_RETURN_TYPE = YES_ERROR;
				GCC_WARN_UNDECLARED_SELECTOR = YES;
				GCC_WARN_UNINITIALIZED_AUTOS = YES_AGGRESSIVE;
				GCC_WARN_UNUSED_FUNCTION = YES;
				GCC_WARN_UNUSED_VARIABLE = YES;
				MACOSX_DEPLOYMENT_TARGET = 10.15;
				MTL_ENABLE_DEBUG_INFO = NO;
				MTL_FAST_MATH = YES;
				SDKROOT = macosx;
				SWIFT_COMPILATION_MODE = wholemodule;
				SWIFT_OPTIMIZATION_LEVEL = "-O";
			};
			name = Release;
		};
		C4028801259E0EAA005DB79F /* Debug */ = {
			isa = XCBuildConfiguration;
			buildSettings = {
				CODE_SIGN_STYLE = Automatic;
				PRODUCT_NAME = "$(TARGET_NAME)";
				SWIFT_VERSION = 5.0;
			};
			name = Debug;
		};
		C4028802259E0EAA005DB79F /* Release */ = {
			isa = XCBuildConfiguration;
			buildSettings = {
				CODE_SIGN_STYLE = Automatic;
				PRODUCT_NAME = "$(TARGET_NAME)";
				SWIFT_VERSION = 5.0;
			};
			name = Release;
		};
/* End XCBuildConfiguration section */

/* Begin XCConfigurationList section */
		C40287F4259E0EAA005DB79F /* Build configuration list for PBXProject "Fibonacci" */ = {
			isa = XCConfigurationList;
			buildConfigurations = (
				C40287FE259E0EAA005DB79F /* Debug */,
				C40287FF259E0EAA005DB79F /* Release */,
			);
			defaultConfigurationIsVisible = 0;
			defaultConfigurationName = Release;
		};
		C4028800259E0EAA005DB79F /* Build configuration list for PBXNativeTarget "Fibonacci" */ = {
			isa = XCConfigurationList;
			buildConfigurations = (
				C4028801259E0EAA005DB79F /* Debug */,
				C4028802259E0EAA005DB79F /* Release */,
			);
			defaultConfigurationIsVisible = 0;
			defaultConfigurationName = Release;
		};
/* End XCConfigurationList section */

/* Begin XCRemoteSwiftPackageReference section */
		C4028804259E1046005DB79F /* XCRemoteSwiftPackageReference "BlockRunTime" */ = {
			isa = XCRemoteSwiftPackageReference;
			repositoryURL = "https://github.com/msalmonse/BlockRunTime.git";
			requirement = {
				kind = upToNextMajorVersion;
				minimumVersion = 1.0.0;
			};
		};
/* End XCRemoteSwiftPackageReference section */

/* Begin XCSwiftPackageProductDependency section */
		C4028805259E1046005DB79F /* BlockRunTime */ = {
			isa = XCSwiftPackageProductDependency;
			package = C4028804259E1046005DB79F /* XCRemoteSwiftPackageReference "BlockRunTime" */;
			productName = BlockRunTime;
		};
/* End XCSwiftPackageProductDependency section */
	};
	rootObject = C40287F1259E0EAA005DB79F /* Project object */;
}
